<?xml version="1.0" encoding="utf-8"?>
<Project ToolsVersion="4.0" xmlns="http://schemas.microsoft.com/developer/msbuild/2003">
  <ItemGroup>
    <Filter Include="Source Files">
      <UniqueIdentifier>{4FC737F1-C7A5-4376-A066-2A32D752A2FF}</UniqueIdentifier>
      <Extensions>cpp;c;cc;cxx;def;odl;idl;hpj;bat;asm;asmx</Extensions>
    </Filter>
    <Filter Include="Header Files">
      <UniqueIdentifier>{93995380-89BD-4b04-88EB-625FBE52EBFB}</UniqueIdentifier>
      <Extensions>h;hh;hpp;hxx;hm;inl;inc;ipp;xsd</Extensions>
    </Filter>
    <Filter Include="Resource Files">
      <UniqueIdentifier>{67DA6AB6-F800-4c08-8B7A-83BB121AAD01}</UniqueIdentifier>
      <Extensions>rc;ico;cur;bmp;dlg;rc2;rct;bin;rgs;gif;jpg;jpeg;jpe;resx;tiff;tif;png;wav;mfcribbon-ms</Extensions>
    </Filter>
  </ItemGroup>
  <ItemGroup>
    <ClCompile Include="Splashscreen.cpp">
      <Filter>Source Files</Filter>
    </ClCompile>
    <ClCompile Include="Textcolor.cpp">
      <Filter>Source Files</Filter>
    </ClCompile>
    <ClCompile Include="Main.cpp">
      <Filter>Source Files</Filter>
    </ClCompile>
    <ClCompile Include="Base.cpp">
      <Filter>Source Files</Filter>
    </ClCompile>
    <ClCompile Include="Rules.cpp">
      <Filter>Source Files</Filter>
    </ClCompile>
    <ClCompile Include="Exit.cpp">
      <Filter>Source Files</Filter>
    </ClCompile>
    <ClCompile Include="PvP.cpp">
      <Filter>Source Files</Filter>
    </ClCompile>
    <ClCompile Include="Control.cpp">
      <Filter>Source Files</Filter>
    </ClCompile>
    <ClCompile Include="Chooseicon.cpp">
      <Filter>Source Files</Filter>
    </ClCompile>
    <ClCompile Include="Loadgame.cpp">
      <Filter>Source Files</Filter>
    </ClCompile>
    <ClCompile Include="Tutorial.cpp">
      <Filter>Source Files</Filter>
    </ClCompile>
    <ClCompile Include="Drawboard.cpp">
      <Filter>Source Files</Filter>
    </ClCompile>
    <ClCompile Include="Print_difference.cpp">
      <Filter>Source Files</Filter>
    </ClCompile>
    <ClCompile Include="Save.cpp">
      <Filter>Source Files</Filter>
    </ClCompile>
    <ClCompile Include="Clearscreen.cpp">
      <Filter>Source Files</Filter>
    </ClCompile>
    <ClCompile Include="Norcusortype.cpp">
      <Filter>Source Files</Filter>
    </ClCompile>
    <ClCompile Include="Win.cpp">
      <Filter>Source Files</Filter>
    </ClCompile>
    <ClCompile Include="Save_move.cpp">
      <Filter>Source Files</Filter>
    </ClCompile>
    <ClCompile Include="Undo.cpp">
      <Filter>Source Files</Filter>
    </ClCompile>
    <ClCompile Include="Delete_save_name.cpp">
      <Filter>Source Files</Filter>
    </ClCompile>
    <ClCompile Include="PC5.cpp">
      <Filter>Source Files</Filter>
    </ClCompile>
    <ClCompile Include="PC_block4.cpp">
      <Filter>Source Files</Filter>
    </ClCompile>
    <ClCompile Include="PC4.cpp">
      <Filter>Source Files</Filter>
    </ClCompile>
    <ClCompile Include="PC_block3.cpp">
      <Filter>Source Files</Filter>
    </ClCompile>
    <ClCompile Include="PC3.cpp">
      <Filter>Source Files</Filter>
    </ClCompile>
    <ClCompile Include="PC_random.cpp">
      <Filter>Source Files</Filter>
    </ClCompile>
    <ClCompile Include="Difficulty.cpp">
      <Filter>Source Files</Filter>
    </ClCompile>
    <ClCompile Include="Statistic.cpp">
      <Filter>Source Files</Filter>
    </ClCompile>
    <ClCompile Include="Leaderboard.cpp">
      <Filter>Source Files</Filter>
    </ClCompile>
    <ClCompile Include="Mode.cpp">
      <Filter>Source Files</Filter>
    </ClCompile>
    <ClCompile Include="Win Animation.cpp">
      <Filter>Source Files</Filter>
    </ClCompile>
    <ClCompile Include="Fontsize.cpp">
      <Filter>Source Files</Filter>
    </ClCompile>
    <ClCompile Include="ResizeConsole.cpp">
      <Filter>Source Files</Filter>
    </ClCompile>
    <ClCompile Include="Music.cpp">
      <Filter>Source Files</Filter>
    </ClCompile>
    <ClCompile Include="PC2.cpp">
      <Filter>Source Files</Filter>
    </ClCompile>
  </ItemGroup>
  <ItemGroup>
    <ClInclude Include="Splashscreen.h">
      <Filter>Header Files</Filter>
    </ClInclude>
    <ClInclude Include="Textcolor.h">
      <Filter>Header Files</Filter>
    </ClInclude>
    <ClInclude Include="Base.h">
      <Filter>Header Files</Filter>
    </ClInclude>
    <ClInclude Include="Rules.h">
      <Filter>Header Files</Filter>
    </ClInclude>
    <ClInclude Include="Exit.h">
      <Filter>Header Files</Filter>
    </ClInclude>
    <ClInclude Include="PvP.h">
      <Filter>Header Files</Filter>
    </ClInclude>
    <ClInclude Include="control.h">
      <Filter>Header Files</Filter>
    </ClInclude>
    <ClInclude Include="Loadgame.h">
      <Filter>Header Files</Filter>
    </ClInclude>
    <ClInclude Include="Tutorial.h">
      <Filter>Header Files</Filter>
    </ClInclude>
    <ClInclude Include="Drawboard.h">
      <Filter>Header Files</Filter>
    </ClInclude>
    <ClInclude Include="Print_difference.h">
      <Filter>Header Files</Filter>
    </ClInclude>
    <ClInclude Include="Save.h">
      <Filter>Header Files</Filter>
    </ClInclude>
    <ClInclude Include="Clearscreen.h">
      <Filter>Header Files</Filter>
    </ClInclude>
    <ClInclude Include="Norcusortype.h">
      <Filter>Header Files</Filter>
    </ClInclude>
    <ClInclude Include="Win.h">
      <Filter>Header Files</Filter>
    </ClInclude>
    <ClInclude Include="Save_move.h">
      <Filter>Header Files</Filter>
    </ClInclude>
    <ClInclude Include="Undo.h">
      <Filter>Header Files</Filter>
    </ClInclude>
    <ClInclude Include="Delete_save_name.h">
      <Filter>Header Files</Filter>
    </ClInclude>
    <ClInclude Include="PC5.h">
      <Filter>Header Files</Filter>
    </ClInclude>
    <ClInclude Include="PC_block4.h">
      <Filter>Header Files</Filter>
    </ClInclude>
    <ClInclude Include="PC4.h">
      <Filter>Header Files</Filter>
    </ClInclude>
    <ClInclude Include="PC_block3.h">
      <Filter>Header Files</Filter>
    </ClInclude>
    <ClInclude Include="PC3.h">
      <Filter>Header Files</Filter>
    </ClInclude>
    <ClInclude Include="PC_random.h">
      <Filter>Header Files</Filter>
    </ClInclude>
    <ClInclude Include="Difficulty.h">
      <Filter>Header Files</Filter>
    </ClInclude>
    <ClInclude Include="Statistic.h">
      <Filter>Header Files</Filter>
    </ClInclude>
    <ClInclude Include="Leaderboard.h">
      <Filter>Header Files</Filter>
    </ClInclude>
    <ClInclude Include="Mode.h">
      <Filter>Header Files</Filter>
    </ClInclude>
    <ClInclude Include="Win Animation.h">
      <Filter>Header Files</Filter>
    </ClInclude>
    <ClInclude Include="Fontsize.h">
      <Filter>Header Files</Filter>
    </ClInclude>
    <ClInclude Include="ResizeConsole.h">
      <Filter>Header Files</Filter>
    </ClInclude>
    <ClInclude Include="Chooseicon.h">
      <Filter>Header Files</Filter>
    </ClInclude>
    <ClInclude Include="Music.h">
      <Filter>Header Files</Filter>
    </ClInclude>
    <ClInclude Include="PC2.h">
      <Filter>Header Files</Filter>
    </ClInclude>
  </ItemGroup>
</Project>